
Microsoft Visual Studio Solution File, Format Version 12.00
# Visual Studio Version 17
VisualStudioVersion = 17.3.32819.101
MinimumVisualStudioVersion = 10.0.40219.1
Project("{FAE04EC0-301F-11D3-BF4B-00C04F79EFBC}") = "View", "View.csproj", "{2ED3C145-9298-4CF2-866E-E4D17F18CF7E}"
EndProject
Project("{FAE04EC0-301F-11D3-BF4B-00C04F79EFBC}") = "BAL", "..\BAL\BAL.csproj", "{459B0163-89A1-4C43-94AF-C61BBFE9190A}"
EndProject
Project("{FAE04EC0-301F-11D3-BF4B-00C04F79EFBC}") = "DAL", "..\DAL\DAL.csproj", "{45F33365-F22E-41AA-98A2-1159C42A15B6}"
EndProject
Project("{FAE04EC0-301F-11D3-BF4B-00C04F79EFBC}") = "Model", "..\Model\Model.csproj", "{55BDCDDE-D653-4A1F-94A1-5F7E5AAAC205}"
EndProject
Global
	GlobalSection(SolutionConfigurationPlatforms) = preSolution
		Debug|Any CPU = Debug|Any CPU
		Release|Any CPU = Release|Any CPU
	EndGlobalSection
	GlobalSection(ProjectConfigurationPlatforms) = postSolution
		{2ED3C145-9298-4CF2-866E-E4D17F18CF7E}.Debug|Any CPU.ActiveCfg = Debug|Any CPU
		{2ED3C145-9298-4CF2-866E-E4D17F18CF7E}.Debug|Any CPU.Build.0 = Debug|Any CPU
		{2ED3C145-9298-4CF2-866E-E4D17F18CF7E}.Release|Any CPU.ActiveCfg = Release|Any CPU
		{2ED3C145-9298-4CF2-866E-E4D17F18CF7E}.Release|Any CPU.Build.0 = Release|Any CPU
		{459B0163-89A1-4C43-94AF-C61BBFE9190A}.Debug|Any CPU.ActiveCfg = Debug|Any CPU
		{459B0163-89A1-4C43-94AF-C61BBFE9190A}.Debug|Any CPU.Build.0 = Debug|Any CPU
		{459B0163-89A1-4C43-94AF-C61BBFE9190A}.Release|Any CPU.ActiveCfg = Release|Any CPU
		{459B0163-89A1-4C43-94AF-C61BBFE9190A}.Release|Any CPU.Build.0 = Release|Any CPU
		{45F33365-F22E-41AA-98A2-1159C42A15B6}.Debug|Any CPU.ActiveCfg = Debug|Any CPU
		{45F33365-F22E-41AA-98A2-1159C42A15B6}.Debug|Any CPU.Build.0 = Debug|Any CPU
		{45F33365-F22E-41AA-98A2-1159C42A15B6}.Release|Any CPU.ActiveCfg = Release|Any CPU
		{45F33365-F22E-41AA-98A2-1159C42A15B6}.Release|Any CPU.Build.0 = Release|Any CPU
		{55BDCDDE-D653-4A1F-94A1-5F7E5AAAC205}.Debug|Any CPU.ActiveCfg = Debug|Any CPU
		{55BDCDDE-D653-4A1F-94A1-5F7E5AAAC205}.Debug|Any CPU.Build.0 = Debug|Any CPU
		{55BDCDDE-D653-4A1F-94A1-5F7E5AAAC205}.Release|Any CPU.ActiveCfg = Release|Any CPU
		{55BDCDDE-D653-4A1F-94A1-5F7E5AAAC205}.Release|Any CPU.Build.0 = Release|Any CPU
	EndGlobalSection
	GlobalSection(SolutionProperties) = preSolution
		HideSolutionNode = FALSE
	EndGlobalSection
	GlobalSection(ExtensibilityGlobals) = postSolution
		SolutionGuid = {8FE73010-6665-4406-827E-ACC3FE9EB579}
	EndGlobalSection
EndGlobal
